
Microsoft Visual Studio Solution File, Format Version 12.00
# Visual Studio Version 18
VisualStudioVersion = 18.1.11312.151 d18.0
MinimumVisualStudioVersion = 10.0.40219.1
Project("{FAE04EC0-301F-11D3-BF4B-00C04F79EFBC}") = "GlobalPathwayImmersionPlatform", "GlobalPathwayImmersionPlatform.csproj", "{35B44C05-9CA2-7ADC-19C4-B2EF01C23D22}"
EndProject
Global
	GlobalSection(SolutionConfigurationPlatforms) = preSolution
		Debug|Any CPU = Debug|Any CPU
		Release|Any CPU = Release|Any CPU
	EndGlobalSection
	GlobalSection(ProjectConfigurationPlatforms) = postSolution
		{35B44C05-9CA2-7ADC-19C4-B2EF01C23D22}.Debug|Any CPU.ActiveCfg = Debug|Any CPU
		{35B44C05-9CA2-7ADC-19C4-B2EF01C23D22}.Debug|Any CPU.Build.0 = Debug|Any CPU
		{35B44C05-9CA2-7ADC-19C4-B2EF01C23D22}.Release|Any CPU.ActiveCfg = Release|Any CPU
		{35B44C05-9CA2-7ADC-19C4-B2EF01C23D22}.Release|Any CPU.Build.0 = Release|Any CPU
	EndGlobalSection
	GlobalSection(SolutionProperties) = preSolution
		HideSolutionNode = FALSE
	EndGlobalSection
	GlobalSection(ExtensibilityGlobals) = postSolution
		SolutionGuid = {E8AC36DA-1C91-4121-B47D-BDCCDA8E8140}
	EndGlobalSection
EndGlobal
